// !$*UTF8*$!
{
	archiveVersion = 1;
	classes = {
	};
	objectVersion = 50;
	objects = {

/* Begin PBXBuildFile section */
		1289BF2622C4A3BB002B1B6C /* AppDelegate.swift in Sources */ = {isa = PBXBuildFile; fileRef = 1289BF2522C4A3BB002B1B6C /* AppDelegate.swift */; };
		1289BF2822C4A3BB002B1B6C /* ViewController.swift in Sources */ = {isa = PBXBuildFile; fileRef = 1289BF2722C4A3BB002B1B6C /* ViewController.swift */; };
		1289BF2B22C4A3BB002B1B6C /* Main.storyboard in Resources */ = {isa = PBXBuildFile; fileRef = 1289BF2922C4A3BB002B1B6C /* Main.storyboard */; };
		1289BF2D22C4A3BC002B1B6C /* Assets.xcassets in Resources */ = {isa = PBXBuildFile; fileRef = 1289BF2C22C4A3BC002B1B6C /* Assets.xcassets */; };
		1289BF3022C4A3BC002B1B6C /* LaunchScreen.storyboard in Resources */ = {isa = PBXBuildFile; fileRef = 1289BF2E22C4A3BC002B1B6C /* LaunchScreen.storyboard */; };
		1289BF3B22C4A3BC002B1B6C /* Project3Tests.swift in Sources */ = {isa = PBXBuildFile; fileRef = 1289BF3A22C4A3BC002B1B6C /* Project3Tests.swift */; };
		1289BF4622C4A3BC002B1B6C /* Project3UITests.swift in Sources */ = {isa = PBXBuildFile; fileRef = 1289BF4522C4A3BC002B1B6C /* Project3UITests.swift */; };
		BD93BC690B578E4184FEA8CC /* libPods-Project3.a in Frameworks */ = {isa = PBXBuildFile; fileRef = A145890B5C7412D325CF7D62 /* libPods-Project3.a */; };
/* End PBXBuildFile section */

/* Begin PBXContainerItemProxy section */
		1289BF3722C4A3BC002B1B6C /* PBXContainerItemProxy */ = {
			isa = PBXContainerItemProxy;
			containerPortal = 1289BF1A22C4A3BB002B1B6C /* Project object */;
			proxyType = 1;
			remoteGlobalIDString = 1289BF2122C4A3BB002B1B6C;
			remoteInfo = Project3;
		};
		1289BF4222C4A3BC002B1B6C /* PBXContainerItemProxy */ = {
			isa = PBXContainerItemProxy;
			containerPortal = 1289BF1A22C4A3BB002B1B6C /* Project object */;
			proxyType = 1;
			remoteGlobalIDString = 1289BF2122C4A3BB002B1B6C;
			remoteInfo = Project3;
		};
/* End PBXContainerItemProxy section */

/* Begin PBXFileReference section */
		1289BF2222C4A3BB002B1B6C /* Project3.app */ = {isa = PBXFileReference; explicitFileType = wrapper.application; includeInIndex = 0; path = Project3.app; sourceTree = BUILT_PRODUCTS_DIR; };
		1289BF2522C4A3BB002B1B6C /* AppDelegate.swift */ = {isa = PBXFileReference; lastKnownFileType = sourcecode.swift; path = AppDelegate.swift; sourceTree = "<group>"; };
		1289BF2722C4A3BB002B1B6C /* ViewController.swift */ = {isa = PBXFileReference; lastKnownFileType = sourcecode.swift; path = ViewController.swift; sourceTree = "<group>"; };
		1289BF2A22C4A3BB002B1B6C /* Base */ = {isa = PBXFileReference; lastKnownFileType = file.storyboard; name = Base; path = Base.lproj/Main.storyboard; sourceTree = "<group>"; };
		1289BF2C22C4A3BC002B1B6C /* Assets.xcassets */ = {isa = PBXFileReference; lastKnownFileType = folder.assetcatalog; path = Assets.xcassets; sourceTree = "<group>"; };
		1289BF2F22C4A3BC002B1B6C /* Base */ = {isa = PBXFileReference; lastKnownFileType = file.storyboard; name = Base; path = Base.lproj/LaunchScreen.storyboard; sourceTree = "<group>"; };
		1289BF3122C4A3BC002B1B6C /* Info.plist */ = {isa = PBXFileReference; lastKnownFileType = text.plist.xml; path = Info.plist; sourceTree = "<group>"; };
		1289BF3622C4A3BC002B1B6C /* Project3Tests.xctest */ = {isa = PBXFileReference; explicitFileType = wrapper.cfbundle; includeInIndex = 0; path = Project3Tests.xctest; sourceTree = BUILT_PRODUCTS_DIR; };
		1289BF3A22C4A3BC002B1B6C /* Project3Tests.swift */ = {isa = PBXFileReference; lastKnownFileType = sourcecode.swift; path = Project3Tests.swift; sourceTree = "<group>"; };
		1289BF3C22C4A3BC002B1B6C /* Info.plist */ = {isa = PBXFileReference; lastKnownFileType = text.plist.xml; path = Info.plist; sourceTree = "<group>"; };
		1289BF4122C4A3BC002B1B6C /* Project3UITests.xctest */ = {isa = PBXFileReference; explicitFileType = wrapper.cfbundle; includeInIndex = 0; path = Project3UITests.xctest; sourceTree = BUILT_PRODUCTS_DIR; };
		1289BF4522C4A3BC002B1B6C /* Project3UITests.swift */ = {isa = PBXFileReference; lastKnownFileType = sourcecode.swift; path = Project3UITests.swift; sourceTree = "<group>"; };
		1289BF4722C4A3BC002B1B6C /* Info.plist */ = {isa = PBXFileReference; lastKnownFileType = text.plist.xml; path = Info.plist; sourceTree = "<group>"; };
		871FA17494EBCFEADE288502 /* Pods-Project3.release.xcconfig */ = {isa = PBXFileReference; includeInIndex = 1; lastKnownFileType = text.xcconfig; name = "Pods-Project3.release.xcconfig"; path = "Target Support Files/Pods-Project3/Pods-Project3.release.xcconfig"; sourceTree = "<group>"; };
		A145890B5C7412D325CF7D62 /* libPods-Project3.a */ = {isa = PBXFileReference; explicitFileType = archive.ar; includeInIndex = 0; path = "libPods-Project3.a"; sourceTree = BUILT_PRODUCTS_DIR; };
		BAFC45E8ED0A26797F5C9AB4 /* Pods-Project3.debug.xcconfig */ = {isa = PBXFileReference; includeInIndex = 1; lastKnownFileType = text.xcconfig; name = "Pods-Project3.debug.xcconfig"; path = "Target Support Files/Pods-Project3/Pods-Project3.debug.xcconfig"; sourceTree = "<group>"; };
/* End PBXFileReference section */

/* Begin PBXFrameworksBuildPhase section */
		1289BF1F22C4A3BB002B1B6C /* Frameworks */ = {
			isa = PBXFrameworksBuildPhase;
			buildActionMask = 2147483647;
			files = (
				BD93BC690B578E4184FEA8CC /* libPods-Project3.a in Frameworks */,
			);
			runOnlyForDeploymentPostprocessing = 0;
		};
		1289BF3322C4A3BC002B1B6C /* Frameworks */ = {
			isa = PBXFrameworksBuildPhase;
			buildActionMask = 2147483647;
			files = (
			);
			runOnlyForDeploymentPostprocessing = 0;
		};
		1289BF3E22C4A3BC002B1B6C /* Frameworks */ = {
			isa = PBXFrameworksBuildPhase;
			buildActionMask = 2147483647;
			files = (
			);
			runOnlyForDeploymentPostprocessing = 0;
		};
/* End PBXFrameworksBuildPhase section */

/* Begin PBXGroup section */
		0FB9A1D179E8A3829205A719 /* Pods */ = {
			isa = PBXGroup;
			children = (
				BAFC45E8ED0A26797F5C9AB4 /* Pods-Project3.debug.xcconfig */,
				871FA17494EBCFEADE288502 /* Pods-Project3.release.xcconfig */,
			);
			name = Pods;
			path = Pods;
			sourceTree = "<group>";
		};
		1289BF1922C4A3BB002B1B6C = {
			isa = PBXGroup;
			children = (
				1289BF2422C4A3BB002B1B6C /* Project3 */,
				1289BF3922C4A3BC002B1B6C /* Project3Tests */,
				1289BF4422C4A3BC002B1B6C /* Project3UITests */,
				1289BF2322C4A3BB002B1B6C /* Products */,
				0FB9A1D179E8A3829205A719 /* Pods */,
				BDE17D5AEDE732D0475A457A /* Frameworks */,
			);
			sourceTree = "<group>";
		};
		1289BF2322C4A3BB002B1B6C /* Products */ = {
			isa = PBXGroup;
			children = (
				1289BF2222C4A3BB002B1B6C /* Project3.app */,
				1289BF3622C4A3BC002B1B6C /* Project3Tests.xctest */,
				1289BF4122C4A3BC002B1B6C /* Project3UITests.xctest */,
			);
			name = Products;
			sourceTree = "<group>";
		};
		1289BF2422C4A3BB002B1B6C /* Project3 */ = {
			isa = PBXGroup;
			children = (
				1289BF2522C4A3BB002B1B6C /* AppDelegate.swift */,
				1289BF2722C4A3BB002B1B6C /* ViewController.swift */,
				1289BF2922C4A3BB002B1B6C /* Main.storyboard */,
				1289BF2C22C4A3BC002B1B6C /* Assets.xcassets */,
				1289BF2E22C4A3BC002B1B6C /* LaunchScreen.storyboard */,
				1289BF3122C4A3BC002B1B6C /* Info.plist */,
			);
			path = Project3;
			sourceTree = "<group>";
		};
		1289BF3922C4A3BC002B1B6C /* Project3Tests */ = {
			isa = PBXGroup;
			children = (
				1289BF3A22C4A3BC002B1B6C /* Project3Tests.swift */,
				1289BF3C22C4A3BC002B1B6C /* Info.plist */,
			);
			path = Project3Tests;
			sourceTree = "<group>";
		};
		1289BF4422C4A3BC002B1B6C /* Project3UITests */ = {
			isa = PBXGroup;
			children = (
				1289BF4522C4A3BC002B1B6C /* Project3UITests.swift */,
				1289BF4722C4A3BC002B1B6C /* Info.plist */,
			);
			path = Project3UITests;
			sourceTree = "<group>";
		};
		BDE17D5AEDE732D0475A457A /* Frameworks */ = {
			isa = PBXGroup;
			children = (
				A145890B5C7412D325CF7D62 /* libPods-Project3.a */,
			);
			name = Frameworks;
			sourceTree = "<group>";
		};
/* End PBXGroup section */

/* Begin PBXNativeTarget section */
		1289BF2122C4A3BB002B1B6C /* Project3 */ = {
			isa = PBXNativeTarget;
			buildConfigurationList = 1289BF4A22C4A3BC002B1B6C /* Build configuration list for PBXNativeTarget "Project3" */;
			buildPhases = (
				EDCAF51292C3D3D10D25A9DC /* [CP] Check Pods Manifest.lock */,
				1289BF1E22C4A3BB002B1B6C /* Sources */,
				1289BF1F22C4A3BB002B1B6C /* Frameworks */,
				1289BF2022C4A3BB002B1B6C /* Resources */,
			);
			buildRules = (
			);
			dependencies = (
			);
			name = Project3;
			productName = Project3;
			productReference = 1289BF2222C4A3BB002B1B6C /* Project3.app */;
			productType = "com.apple.product-type.application";
		};
		1289BF3522C4A3BC002B1B6C /* Project3Tests */ = {
			isa = PBXNativeTarget;
			buildConfigurationList = 1289BF4D22C4A3BC002B1B6C /* Build configuration list for PBXNativeTarget "Project3Tests" */;
			buildPhases = (
				1289BF3222C4A3BC002B1B6C /* Sources */,
				1289BF3322C4A3BC002B1B6C /* Frameworks */,
				1289BF3422C4A3BC002B1B6C /* Resources */,
			);
			buildRules = (
			);
			dependencies = (
				1289BF3822C4A3BC002B1B6C /* PBXTargetDependency */,
			);
			name = Project3Tests;
			productName = Project3Tests;
			productReference = 1289BF3622C4A3BC002B1B6C /* Project3Tests.xctest */;
			productType = "com.apple.product-type.bundle.unit-test";
		};
		1289BF4022C4A3BC002B1B6C /* Project3UITests */ = {
			isa = PBXNativeTarget;
			buildConfigurationList = 1289BF5022C4A3BC002B1B6C /* Build configuration list for PBXNativeTarget "Project3UITests" */;
			buildPhases = (
				1289BF3D22C4A3BC002B1B6C /* Sources */,
				1289BF3E22C4A3BC002B1B6C /* Frameworks */,
				1289BF3F22C4A3BC002B1B6C /* Resources */,
			);
			buildRules = (
			);
			dependencies = (
				1289BF4322C4A3BC002B1B6C /* PBXTargetDependency */,
			);
			name = Project3UITests;
			productName = Project3UITests;
			productReference = 1289BF4122C4A3BC002B1B6C /* Project3UITests.xctest */;
			productType = "com.apple.product-type.bundle.ui-testing";
		};
/* End PBXNativeTarget section */

/* Begin PBXProject section */
		1289BF1A22C4A3BB002B1B6C /* Project object */ = {
			isa = PBXProject;
			attributes = {
				LastSwiftUpdateCheck = 1020;
				LastUpgradeCheck = 1020;
				ORGANIZATIONNAME = MaJ;
				TargetAttributes = {
					1289BF2122C4A3BB002B1B6C = {
						CreatedOnToolsVersion = 10.2.1;
					};
					1289BF3522C4A3BC002B1B6C = {
						CreatedOnToolsVersion = 10.2.1;
						TestTargetID = 1289BF2122C4A3BB002B1B6C;
					};
					1289BF4022C4A3BC002B1B6C = {
						CreatedOnToolsVersion = 10.2.1;
						TestTargetID = 1289BF2122C4A3BB002B1B6C;
					};
				};
			};
			buildConfigurationList = 1289BF1D22C4A3BB002B1B6C /* Build configuration list for PBXProject "Project3" */;
			compatibilityVersion = "Xcode 9.3";
			developmentRegion = en;
			hasScannedForEncodings = 0;
			knownRegions = (
				en,
				Base,
			);
			mainGroup = 1289BF1922C4A3BB002B1B6C;
			productRefGroup = 1289BF2322C4A3BB002B1B6C /* Products */;
			projectDirPath = "";
			projectRoot = "";
			targets = (
				1289BF2122C4A3BB002B1B6C /* Project3 */,
				1289BF3522C4A3BC002B1B6C /* Project3Tests */,
				1289BF4022C4A3BC002B1B6C /* Project3UITests */,
			);
		};
/* End PBXProject section */

/* Begin PBXResourcesBuildPhase section */
		1289BF2022C4A3BB002B1B6C /* Resources */ = {
			isa = PBXResourcesBuildPhase;
			buildActionMask = 2147483647;
			files = (
				1289BF3022C4A3BC002B1B6C /* LaunchScreen.storyboard in Resources */,
				1289BF2D22C4A3BC002B1B6C /* Assets.xcassets in Resources */,
				1289BF2B22C4A3BB002B1B6C /* Main.storyboard in Resources */,
			);
			runOnlyForDeploymentPostprocessing = 0;
		};
		1289BF3422C4A3BC002B1B6C /* Resources */ = {
			isa = PBXResourcesBuildPhase;
			buildActionMask = 2147483647;
			files = (
			);
			runOnlyForDeploymentPostprocessing = 0;
		};
		1289BF3F22C4A3BC002B1B6C /* Resources */ = {
			isa = PBXResourcesBuildPhase;
			buildActionMask = 2147483647;
			files = (
			);
			runOnlyForDeploymentPostprocessing = 0;
		};
/* End PBXResourcesBuildPhase section */

/* Begin PBXShellScriptBuildPhase section */
		EDCAF51292C3D3D10D25A9DC /* [CP] Check Pods Manifest.lock */ = {
			isa = PBXShellScriptBuildPhase;
			buildActionMask = 2147483647;
			files = (
			);
			inputFileListPaths = (
			);
			inputPaths = (
				"${PODS_PODFILE_DIR_PATH}/Podfile.lock",
				"${PODS_ROOT}/Manifest.lock",
			);
			name = "[CP] Check Pods Manifest.lock";
			outputFileListPaths = (
			);
			outputPaths = (
				"$(DERIVED_FILE_DIR)/Pods-Project3-checkManifestLockResult.txt",
			);
			runOnlyForDeploymentPostprocessing = 0;
			shellPath = /bin/sh;
			shellScript = "diff \"${PODS_PODFILE_DIR_PATH}/Podfile.lock\" \"${PODS_ROOT}/Manifest.lock\" > /dev/null\nif [ $? != 0 ] ; then\n    # print error to STDERR\n    echo \"error: The sandbox is not in sync with the Podfile.lock. Run 'pod install' or update your CocoaPods installation.\" >&2\n    exit 1\nfi\n# This output is used by Xcode 'outputs' to avoid re-running this script phase.\necho \"SUCCESS\" > \"${SCRIPT_OUTPUT_FILE_0}\"\n";
			showEnvVarsInLog = 0;
		};
/* End PBXShellScriptBuildPhase section */

/* Begin PBXSourcesBuildPhase section */
		1289BF1E22C4A3BB002B1B6C /* Sources */ = {
			isa = PBXSourcesBuildPhase;
			buildActionMask = 2147483647;
			files = (
				1289BF2822C4A3BB002B1B6C /* ViewController.swift in Sources */,
				1289BF2622C4A3BB002B1B6C /* AppDelegate.swift in Sources */,
			);
			runOnlyForDeploymentPostprocessing = 0;
		};
		1289BF3222C4A3BC002B1B6C /* Sources */ = {
			isa = PBXSourcesBuildPhase;
			buildActionMask = 2147483647;
			files = (
				1289BF3B22C4A3BC002B1B6C /* Project3Tests.swift in Sources */,
			);
			runOnlyForDeploymentPostprocessing = 0;
		};
		1289BF3D22C4A3BC002B1B6C /* Sources */ = {
			isa = PBXSourcesBuildPhase;
			buildActionMask = 2147483647;
			files = (
				1289BF4622C4A3BC002B1B6C /* Project3UITests.swift in Sources */,
			);
			runOnlyForDeploymentPostprocessing = 0;
		};
/* End PBXSourcesBuildPhase section */

/* Begin PBXTargetDependency section */
		1289BF3822C4A3BC002B1B6C /* PBXTargetDependency */ = {
			isa = PBXTargetDependency;
			target = 1289BF2122C4A3BB002B1B6C /* Project3 */;
			targetProxy = 1289BF3722C4A3BC002B1B6C /* PBXContainerItemProxy */;
		};
		1289BF4322C4A3BC002B1B6C /* PBXTargetDependency */ = {
			isa = PBXTargetDependency;
			target = 1289BF2122C4A3BB002B1B6C /* Project3 */;
			targetProxy = 1289BF4222C4A3BC002B1B6C /* PBXContainerItemProxy */;
		};
/* End PBXTargetDependency section */

/* Begin PBXVariantGroup section */
		1289BF2922C4A3BB002B1B6C /* Main.storyboard */ = {
			isa = PBXVariantGroup;
			children = (
				1289BF2A22C4A3BB002B1B6C /* Base */,
			);
			name = Main.storyboard;
			sourceTree = "<group>";
		};
		1289BF2E22C4A3BC002B1B6C /* LaunchScreen.storyboard */ = {
			isa = PBXVariantGroup;
			children = (
				1289BF2F22C4A3BC002B1B6C /* Base */,
			);
			name = LaunchScreen.storyboard;
			sourceTree = "<group>";
		};
/* End PBXVariantGroup section */

/* Begin XCBuildConfiguration section */
		1289BF4822C4A3BC002B1B6C /* Debug */ = {
			isa = XCBuildConfiguration;
			buildSettings = {
				ALWAYS_SEARCH_USER_PATHS = NO;
				CLANG_ANALYZER_NONNULL = YES;
				CLANG_ANALYZER_NUMBER_OBJECT_CONVERSION = YES_AGGRESSIVE;
				CLANG_CXX_LANGUAGE_STANDARD = "gnu++14";
				CLANG_CXX_LIBRARY = "libc++";
				CLANG_ENABLE_MODULES = YES;
				CLANG_ENABLE_OBJC_ARC = YES;
				CLANG_ENABLE_OBJC_WEAK = YES;
				CLANG_WARN_BLOCK_CAPTURE_AUTORELEASING = YES;
				CLANG_WARN_BOOL_CONVERSION = YES;
				CLANG_WARN_COMMA = YES;
				CLANG_WARN_CONSTANT_CONVERSION = YES;
				CLANG_WARN_DEPRECATED_OBJC_IMPLEMENTATIONS = YES;
				CLANG_WARN_DIRECT_OBJC_ISA_USAGE = YES_ERROR;
				CLANG_WARN_DOCUMENTATION_COMMENTS = YES;
				CLANG_WARN_EMPTY_BODY = YES;
				CLANG_WARN_ENUM_CONVERSION = YES;
				CLANG_WARN_INFINITE_RECURSION = YES;
				CLANG_WARN_INT_CONVERSION = YES;
				CLANG_WARN_NON_LITERAL_NULL_CONVERSION = YES;
				CLANG_WARN_OBJC_IMPLICIT_RETAIN_SELF = YES;
				CLANG_WARN_OBJC_LITERAL_CONVERSION = YES;
				CLANG_WARN_OBJC_ROOT_CLASS = YES_ERROR;
				CLANG_WARN_RANGE_LOOP_ANALYSIS = YES;
				CLANG_WARN_STRICT_PROTOTYPES = YES;
				CLANG_WARN_SUSPICIOUS_MOVE = YES;
				CLANG_WARN_UNGUARDED_AVAILABILITY = YES_AGGRESSIVE;
				CLANG_WARN_UNREACHABLE_CODE = YES;
				CLANG_WARN__DUPLICATE_METHOD_MATCH = YES;
				CODE_SIGN_IDENTITY = "iPhone Developer";
				COPY_PHASE_STRIP = NO;
				DEBUG_INFORMATION_FORMAT = dwarf;
				ENABLE_STRICT_OBJC_MSGSEND = YES;
				ENABLE_TESTABILITY = YES;
				GCC_C_LANGUAGE_STANDARD = gnu11;
				GCC_DYNAMIC_NO_PIC = NO;
				GCC_NO_COMMON_BLOCKS = YES;
				GCC_OPTIMIZATION_LEVEL = 0;
				GCC_PREPROCESSOR_DEFINITIONS = (
					"DEBUG=1",
					"$(inherited)",
				);
				GCC_WARN_64_TO_32_BIT_CONVERSION = YES;
				GCC_WARN_ABOUT_RETURN_TYPE = YES_ERROR;
				GCC_WARN_UNDECLARED_SELECTOR = YES;
				GCC_WARN_UNINITIALIZED_AUTOS = YES_AGGRESSIVE;
				GCC_WARN_UNUSED_FUNCTION = YES;
				GCC_WARN_UNUSED_VARIABLE = YES;
				IPHONEOS_DEPLOYMENT_TARGET = 12.2;
				MTL_ENABLE_DEBUG_INFO = INCLUDE_SOURCE;
				MTL_FAST_MATH = YES;
				ONLY_ACTIVE_ARCH = YES;
				SDKROOT = iphoneos;
				SWIFT_ACTIVE_COMPILATION_CONDITIONS = DEBUG;
				SWIFT_OPTIMIZATION_LEVEL = "-Onone";
			};
			name = Debug;
		};
		1289BF4922C4A3BC002B1B6C /* Release */ = {
			isa = XCBuildConfiguration;
			buildSettings = {
				ALWAYS_SEARCH_USER_PATHS = NO;
				CLANG_ANALYZER_NONNULL = YES;
				CLANG_ANALYZER_NUMBER_OBJECT_CONVERSION = YES_AGGRESSIVE;
				CLANG_CXX_LANGUAGE_STANDARD = "gnu++14";
				CLANG_CXX_LIBRARY = "libc++";
				CLANG_ENABLE_MODULES = YES;
				CLANG_ENABLE_OBJC_ARC = YES;
				CLANG_ENABLE_OBJC_WEAK = YES;
				CLANG_WARN_BLOCK_CAPTURE_AUTORELEASING = YES;
				CLANG_WARN_BOOL_CONVERSION = YES;
				CLANG_WARN_COMMA = YES;
				CLANG_WARN_CONSTANT_CONVERSION = YES;
				CLANG_WARN_DEPRECATED_OBJC_IMPLEMENTATIONS = YES;
				CLANG_WARN_DIRECT_OBJC_ISA_USAGE = YES_ERROR;
				CLANG_WARN_DOCUMENTATION_COMMENTS = YES;
				CLANG_WARN_EMPTY_BODY = YES;
				CLANG_WARN_ENUM_CONVERSION = YES;
				CLANG_WARN_INFINITE_RECURSION = YES;
				CLANG_WARN_INT_CONVERSION = YES;
				CLANG_WARN_NON_LITERAL_NULL_CONVERSION = YES;
				CLANG_WARN_OBJC_IMPLICIT_RETAIN_SELF = YES;
				CLANG_WARN_OBJC_LITERAL_CONVERSION = YES;
				CLANG_WARN_OBJC_ROOT_CLASS = YES_ERROR;
				CLANG_WARN_RANGE_LOOP_ANALYSIS = YES;
				CLANG_WARN_STRICT_PROTOTYPES = YES;
				CLANG_WARN_SUSPICIOUS_MOVE = YES;
				CLANG_WARN_UNGUARDED_AVAILABILITY = YES_AGGRESSIVE;
				CLANG_WARN_UNREACHABLE_CODE = YES;
				CLANG_WARN__DUPLICATE_METHOD_MATCH = YES;
				CODE_SIGN_IDENTITY = "iPhone Developer";
				COPY_PHASE_STRIP = NO;
				DEBUG_INFORMATION_FORMAT = "dwarf-with-dsym";
				ENABLE_NS_ASSERTIONS = NO;
				ENABLE_STRICT_OBJC_MSGSEND = YES;
				GCC_C_LANGUAGE_STANDARD = gnu11;
				GCC_NO_COMMON_BLOCKS = YES;
				GCC_WARN_64_TO_32_BIT_CONVERSION = YES;
				GCC_WARN_ABOUT_RETURN_TYPE = YES_ERROR;
				GCC_WARN_UNDECLARED_SELECTOR = YES;
				GCC_WARN_UNINITIALIZED_AUTOS = YES_AGGRESSIVE;
				GCC_WARN_UNUSED_FUNCTION = YES;
				GCC_WARN_UNUSED_VARIABLE = YES;
				IPHONEOS_DEPLOYMENT_TARGET = 12.2;
				MTL_ENABLE_DEBUG_INFO = NO;
				MTL_FAST_MATH = YES;
				SDKROOT = iphoneos;
				SWIFT_COMPILATION_MODE = wholemodule;
				SWIFT_OPTIMIZATION_LEVEL = "-O";
				VALIDATE_PRODUCT = YES;
			};
			name = Release;
		};
		1289BF4B22C4A3BC002B1B6C /* Debug */ = {
			isa = XCBuildConfiguration;
			baseConfigurationReference = BAFC45E8ED0A26797F5C9AB4 /* Pods-Project3.debug.xcconfig */;
			buildSettings = {
				ASSETCATALOG_COMPILER_APPICON_NAME = AppIcon;
				CODE_SIGN_STYLE = Automatic;
				INFOPLIST_FILE = Project3/Info.plist;
				LD_RUNPATH_SEARCH_PATHS = (
					"$(inherited)",
					"@executable_path/Frameworks",
				);
				PRODUCT_BUNDLE_IDENTIFIER = timemaj.Project3;
				PRODUCT_NAME = "$(TARGET_NAME)";
				SWIFT_VERSION = 5.0;
				TARGETED_DEVICE_FAMILY = "1,2";
			};
			name = Debug;
		};
		1289BF4C22C4A3BC002B1B6C /* Release */ = {
			isa = XCBuildConfiguration;
			baseConfigurationReference = 871FA17494EBCFEADE288502 /* Pods-Project3.release.xcconfig */;
			buildSettings = {
				ASSETCATALOG_COMPILER_APPICON_NAME = AppIcon;
				CODE_SIGN_STYLE = Automatic;
				INFOPLIST_FILE = Project3/Info.plist;
				LD_RUNPATH_SEARCH_PATHS = (
					"$(inherited)",
					"@executable_path/Frameworks",
				);
				PRODUCT_BUNDLE_IDENTIFIER = timemaj.Project3;
				PRODUCT_NAME = "$(TARGET_NAME)";
				SWIFT_VERSION = 5.0;
				TARGETED_DEVICE_FAMILY = "1,2";
			};
			name = Release;
		};
		1289BF4E22C4A3BC002B1B6C /* Debug */ = {
			isa = XCBuildConfiguration;
			buildSettings = {
				ALWAYS_EMBED_SWIFT_STANDARD_LIBRARIES = YES;
				BUNDLE_LOADER = "$(TEST_HOST)";
				CODE_SIGN_STYLE = Automatic;
				INFOPLIST_FILE = Project3Tests/Info.plist;
				LD_RUNPATH_SEARCH_PATHS = (
					"$(inherited)",
					"@executable_path/Frameworks",
					"@loader_path/Frameworks",
				);
				PRODUCT_BUNDLE_IDENTIFIER = timemaj.Project3Tests;
				PRODUCT_NAME = "$(TARGET_NAME)";
				SWIFT_VERSION = 5.0;
				TARGETED_DEVICE_FAMILY = "1,2";
				TEST_HOST = "$(BUILT_PRODUCTS_DIR)/Project3.app/Project3";
			};
			name = Debug;
		};
		1289BF4F22C4A3BC002B1B6C /* Release */ = {
			isa = XCBuildConfiguration;
			buildSettings = {
				ALWAYS_EMBED_SWIFT_STANDARD_LIBRARIES = YES;
				BUNDLE_LOADER = "$(TEST_HOST)";
				CODE_SIGN_STYLE = Automatic;
				INFOPLIST_FILE = Project3Tests/Info.plist;
				LD_RUNPATH_SEARCH_PATHS = (
					"$(inherited)",
					"@executable_path/Frameworks",
					"@loader_path/Frameworks",
				);
				PRODUCT_BUNDLE_IDENTIFIER = timemaj.Project3Tests;
				PRODUCT_NAME = "$(TARGET_NAME)";
				SWIFT_VERSION = 5.0;
				TARGETED_DEVICE_FAMILY = "1,2";
				TEST_HOST = "$(BUILT_PRODUCTS_DIR)/Project3.app/Project3";
			};
			name = Release;
		};
		1289BF5122C4A3BC002B1B6C /* Debug */ = {
			isa = XCBuildConfiguration;
			buildSettings = {
				ALWAYS_EMBED_SWIFT_STANDARD_LIBRARIES = YES;
				CODE_SIGN_STYLE = Automatic;
				INFOPLIST_FILE = Project3UITests/Info.plist;
				LD_RUNPATH_SEARCH_PATHS = (
					"$(inherited)",
					"@executable_path/Frameworks",
					"@loader_path/Frameworks",
				);
				PRODUCT_BUNDLE_IDENTIFIER = timemaj.Project3UITests;
				PRODUCT_NAME = "$(TARGET_NAME)";
				SWIFT_VERSION = 5.0;
				TARGETED_DEVICE_FAMILY = "1,2";
				TEST_TARGET_NAME = Project3;
			};
			name = Debug;
		};
		1289BF5222C4A3BC002B1B6C /* Release */ = {
			isa = XCBuildConfiguration;
			buildSettings = {
				ALWAYS_EMBED_SWIFT_STANDARD_LIBRARIES = YES;
				CODE_SIGN_STYLE = Automatic;
				INFOPLIST_FILE = Project3UITests/Info.plist;
				LD_RUNPATH_SEARCH_PATHS = (
					"$(inherited)",
					"@executable_path/Frameworks",
					"@loader_path/Frameworks",
				);
				PRODUCT_BUNDLE_IDENTIFIER = timemaj.Project3UITests;
				PRODUCT_NAME = "$(TARGET_NAME)";
				SWIFT_VERSION = 5.0;
				TARGETED_DEVICE_FAMILY = "1,2";
				TEST_TARGET_NAME = Project3;
			};
			name = Release;
		};
/* End XCBuildConfiguration section */

/* Begin XCConfigurationList section */
		1289BF1D22C4A3BB002B1B6C /* Build configuration list for PBXProject "Project3" */ = {
			isa = XCConfigurationList;
			buildConfigurations = (
				1289BF4822C4A3BC002B1B6C /* Debug */,
				1289BF4922C4A3BC002B1B6C /* Release */,
			);
			defaultConfigurationIsVisible = 0;
			defaultConfigurationName = Release;
		};
		1289BF4A22C4A3BC002B1B6C /* Build configuration list for PBXNativeTarget "Project3" */ = {
			isa = XCConfigurationList;
			buildConfigurations = (
				1289BF4B22C4A3BC002B1B6C /* Debug */,
				1289BF4C22C4A3BC002B1B6C /* Release */,
			);
			defaultConfigurationIsVisible = 0;
			defaultConfigurationName = Release;
		};
		1289BF4D22C4A3BC002B1B6C /* Build configuration list for PBXNativeTarget "Project3Tests" */ = {
			isa = XCConfigurationList;
			buildConfigurations = (
				1289BF4E22C4A3BC002B1B6C /* Debug */,
				1289BF4F22C4A3BC002B1B6C /* Release */,
			);
			defaultConfigurationIsVisible = 0;
			defaultConfigurationName = Release;
		};
		1289BF5022C4A3BC002B1B6C /* Build configuration list for PBXNativeTarget "Project3UITests" */ = {
			isa = XCConfigurationList;
			buildConfigurations = (
				1289BF5122C4A3BC002B1B6C /* Debug */,
				1289BF5222C4A3BC002B1B6C /* Release */,
			);
			defaultConfigurationIsVisible = 0;
			defaultConfigurationName = Release;
		};
/* End XCConfigurationList section */
	};
	rootObject = 1289BF1A22C4A3BB002B1B6C /* Project object */;
}
