// !$*UTF8*$!
{
	archiveVersion = 1;
	classes = {
	};
	objectVersion = 50;
	objects = {

/* Begin PBXBuildFile section */
		12013CBF22C9A35F00ACEC5F /* AppDelegate.swift in Sources */ = {isa = PBXBuildFile; fileRef = 12013CBE22C9A35F00ACEC5F /* AppDelegate.swift */; };
		12013CC122C9A35F00ACEC5F /* ViewController.swift in Sources */ = {isa = PBXBuildFile; fileRef = 12013CC022C9A35F00ACEC5F /* ViewController.swift */; };
		12013CC422C9A35F00ACEC5F /* Main.storyboard in Resources */ = {isa = PBXBuildFile; fileRef = 12013CC222C9A35F00ACEC5F /* Main.storyboard */; };
		12013CC622C9A36100ACEC5F /* Assets.xcassets in Resources */ = {isa = PBXBuildFile; fileRef = 12013CC522C9A36100ACEC5F /* Assets.xcassets */; };
		12013CC922C9A36100ACEC5F /* LaunchScreen.storyboard in Resources */ = {isa = PBXBuildFile; fileRef = 12013CC722C9A36100ACEC5F /* LaunchScreen.storyboard */; };
		12013CD422C9A36100ACEC5F /* Project12Tests.swift in Sources */ = {isa = PBXBuildFile; fileRef = 12013CD322C9A36100ACEC5F /* Project12Tests.swift */; };
		12013CDF22C9A36100ACEC5F /* Project12UITests.swift in Sources */ = {isa = PBXBuildFile; fileRef = 12013CDE22C9A36100ACEC5F /* Project12UITests.swift */; };
		12013CED22C9A40900ACEC5F /* FoodTableViewController.swift in Sources */ = {isa = PBXBuildFile; fileRef = 12013CEC22C9A40900ACEC5F /* FoodTableViewController.swift */; };
/* End PBXBuildFile section */

/* Begin PBXContainerItemProxy section */
		12013CD022C9A36100ACEC5F /* PBXContainerItemProxy */ = {
			isa = PBXContainerItemProxy;
			containerPortal = 12013CB322C9A35F00ACEC5F /* Project object */;
			proxyType = 1;
			remoteGlobalIDString = 12013CBA22C9A35F00ACEC5F;
			remoteInfo = Project12;
		};
		12013CDB22C9A36100ACEC5F /* PBXContainerItemProxy */ = {
			isa = PBXContainerItemProxy;
			containerPortal = 12013CB322C9A35F00ACEC5F /* Project object */;
			proxyType = 1;
			remoteGlobalIDString = 12013CBA22C9A35F00ACEC5F;
			remoteInfo = Project12;
		};
/* End PBXContainerItemProxy section */

/* Begin PBXFileReference section */
		12013CBB22C9A35F00ACEC5F /* Project12.app */ = {isa = PBXFileReference; explicitFileType = wrapper.application; includeInIndex = 0; path = Project12.app; sourceTree = BUILT_PRODUCTS_DIR; };
		12013CBE22C9A35F00ACEC5F /* AppDelegate.swift */ = {isa = PBXFileReference; lastKnownFileType = sourcecode.swift; path = AppDelegate.swift; sourceTree = "<group>"; };
		12013CC022C9A35F00ACEC5F /* ViewController.swift */ = {isa = PBXFileReference; lastKnownFileType = sourcecode.swift; path = ViewController.swift; sourceTree = "<group>"; };
		12013CC322C9A35F00ACEC5F /* Base */ = {isa = PBXFileReference; lastKnownFileType = file.storyboard; name = Base; path = Base.lproj/Main.storyboard; sourceTree = "<group>"; };
		12013CC522C9A36100ACEC5F /* Assets.xcassets */ = {isa = PBXFileReference; lastKnownFileType = folder.assetcatalog; path = Assets.xcassets; sourceTree = "<group>"; };
		12013CC822C9A36100ACEC5F /* Base */ = {isa = PBXFileReference; lastKnownFileType = file.storyboard; name = Base; path = Base.lproj/LaunchScreen.storyboard; sourceTree = "<group>"; };
		12013CCA22C9A36100ACEC5F /* Info.plist */ = {isa = PBXFileReference; lastKnownFileType = text.plist.xml; path = Info.plist; sourceTree = "<group>"; };
		12013CCF22C9A36100ACEC5F /* Project12Tests.xctest */ = {isa = PBXFileReference; explicitFileType = wrapper.cfbundle; includeInIndex = 0; path = Project12Tests.xctest; sourceTree = BUILT_PRODUCTS_DIR; };
		12013CD322C9A36100ACEC5F /* Project12Tests.swift */ = {isa = PBXFileReference; lastKnownFileType = sourcecode.swift; path = Project12Tests.swift; sourceTree = "<group>"; };
		12013CD522C9A36100ACEC5F /* Info.plist */ = {isa = PBXFileReference; lastKnownFileType = text.plist.xml; path = Info.plist; sourceTree = "<group>"; };
		12013CDA22C9A36100ACEC5F /* Project12UITests.xctest */ = {isa = PBXFileReference; explicitFileType = wrapper.cfbundle; includeInIndex = 0; path = Project12UITests.xctest; sourceTree = BUILT_PRODUCTS_DIR; };
		12013CDE22C9A36100ACEC5F /* Project12UITests.swift */ = {isa = PBXFileReference; lastKnownFileType = sourcecode.swift; path = Project12UITests.swift; sourceTree = "<group>"; };
		12013CE022C9A36100ACEC5F /* Info.plist */ = {isa = PBXFileReference; lastKnownFileType = text.plist.xml; path = Info.plist; sourceTree = "<group>"; };
		12013CEC22C9A40900ACEC5F /* FoodTableViewController.swift */ = {isa = PBXFileReference; lastKnownFileType = sourcecode.swift; path = FoodTableViewController.swift; sourceTree = "<group>"; };
/* End PBXFileReference section */

/* Begin PBXFrameworksBuildPhase section */
		12013CB822C9A35F00ACEC5F /* Frameworks */ = {
			isa = PBXFrameworksBuildPhase;
			buildActionMask = 2147483647;
			files = (
			);
			runOnlyForDeploymentPostprocessing = 0;
		};
		12013CCC22C9A36100ACEC5F /* Frameworks */ = {
			isa = PBXFrameworksBuildPhase;
			buildActionMask = 2147483647;
			files = (
			);
			runOnlyForDeploymentPostprocessing = 0;
		};
		12013CD722C9A36100ACEC5F /* Frameworks */ = {
			isa = PBXFrameworksBuildPhase;
			buildActionMask = 2147483647;
			files = (
			);
			runOnlyForDeploymentPostprocessing = 0;
		};
/* End PBXFrameworksBuildPhase section */

/* Begin PBXGroup section */
		12013CB222C9A35F00ACEC5F = {
			isa = PBXGroup;
			children = (
				12013CBD22C9A35F00ACEC5F /* Project12 */,
				12013CD222C9A36100ACEC5F /* Project12Tests */,
				12013CDD22C9A36100ACEC5F /* Project12UITests */,
				12013CBC22C9A35F00ACEC5F /* Products */,
			);
			sourceTree = "<group>";
		};
		12013CBC22C9A35F00ACEC5F /* Products */ = {
			isa = PBXGroup;
			children = (
				12013CBB22C9A35F00ACEC5F /* Project12.app */,
				12013CCF22C9A36100ACEC5F /* Project12Tests.xctest */,
				12013CDA22C9A36100ACEC5F /* Project12UITests.xctest */,
			);
			name = Products;
			sourceTree = "<group>";
		};
		12013CBD22C9A35F00ACEC5F /* Project12 */ = {
			isa = PBXGroup;
			children = (
				12013CBE22C9A35F00ACEC5F /* AppDelegate.swift */,
				12013CC022C9A35F00ACEC5F /* ViewController.swift */,
				12013CC222C9A35F00ACEC5F /* Main.storyboard */,
				12013CEC22C9A40900ACEC5F /* FoodTableViewController.swift */,
				12013CC522C9A36100ACEC5F /* Assets.xcassets */,
				12013CC722C9A36100ACEC5F /* LaunchScreen.storyboard */,
				12013CCA22C9A36100ACEC5F /* Info.plist */,
			);
			path = Project12;
			sourceTree = "<group>";
		};
		12013CD222C9A36100ACEC5F /* Project12Tests */ = {
			isa = PBXGroup;
			children = (
				12013CD322C9A36100ACEC5F /* Project12Tests.swift */,
				12013CD522C9A36100ACEC5F /* Info.plist */,
			);
			path = Project12Tests;
			sourceTree = "<group>";
		};
		12013CDD22C9A36100ACEC5F /* Project12UITests */ = {
			isa = PBXGroup;
			children = (
				12013CDE22C9A36100ACEC5F /* Project12UITests.swift */,
				12013CE022C9A36100ACEC5F /* Info.plist */,
			);
			path = Project12UITests;
			sourceTree = "<group>";
		};
/* End PBXGroup section */

/* Begin PBXNativeTarget section */
		12013CBA22C9A35F00ACEC5F /* Project12 */ = {
			isa = PBXNativeTarget;
			buildConfigurationList = 12013CE322C9A36100ACEC5F /* Build configuration list for PBXNativeTarget "Project12" */;
			buildPhases = (
				12013CB722C9A35F00ACEC5F /* Sources */,
				12013CB822C9A35F00ACEC5F /* Frameworks */,
				12013CB922C9A35F00ACEC5F /* Resources */,
			);
			buildRules = (
			);
			dependencies = (
			);
			name = Project12;
			productName = Project12;
			productReference = 12013CBB22C9A35F00ACEC5F /* Project12.app */;
			productType = "com.apple.product-type.application";
		};
		12013CCE22C9A36100ACEC5F /* Project12Tests */ = {
			isa = PBXNativeTarget;
			buildConfigurationList = 12013CE622C9A36100ACEC5F /* Build configuration list for PBXNativeTarget "Project12Tests" */;
			buildPhases = (
				12013CCB22C9A36100ACEC5F /* Sources */,
				12013CCC22C9A36100ACEC5F /* Frameworks */,
				12013CCD22C9A36100ACEC5F /* Resources */,
			);
			buildRules = (
			);
			dependencies = (
				12013CD122C9A36100ACEC5F /* PBXTargetDependency */,
			);
			name = Project12Tests;
			productName = Project12Tests;
			productReference = 12013CCF22C9A36100ACEC5F /* Project12Tests.xctest */;
			productType = "com.apple.product-type.bundle.unit-test";
		};
		12013CD922C9A36100ACEC5F /* Project12UITests */ = {
			isa = PBXNativeTarget;
			buildConfigurationList = 12013CE922C9A36100ACEC5F /* Build configuration list for PBXNativeTarget "Project12UITests" */;
			buildPhases = (
				12013CD622C9A36100ACEC5F /* Sources */,
				12013CD722C9A36100ACEC5F /* Frameworks */,
				12013CD822C9A36100ACEC5F /* Resources */,
			);
			buildRules = (
			);
			dependencies = (
				12013CDC22C9A36100ACEC5F /* PBXTargetDependency */,
			);
			name = Project12UITests;
			productName = Project12UITests;
			productReference = 12013CDA22C9A36100ACEC5F /* Project12UITests.xctest */;
			productType = "com.apple.product-type.bundle.ui-testing";
		};
/* End PBXNativeTarget section */

/* Begin PBXProject section */
		12013CB322C9A35F00ACEC5F /* Project object */ = {
			isa = PBXProject;
			attributes = {
				LastSwiftUpdateCheck = 1020;
				LastUpgradeCheck = 1020;
				ORGANIZATIONNAME = MaJ;
				TargetAttributes = {
					12013CBA22C9A35F00ACEC5F = {
						CreatedOnToolsVersion = 10.2.1;
					};
					12013CCE22C9A36100ACEC5F = {
						CreatedOnToolsVersion = 10.2.1;
						TestTargetID = 12013CBA22C9A35F00ACEC5F;
					};
					12013CD922C9A36100ACEC5F = {
						CreatedOnToolsVersion = 10.2.1;
						TestTargetID = 12013CBA22C9A35F00ACEC5F;
					};
				};
			};
			buildConfigurationList = 12013CB622C9A35F00ACEC5F /* Build configuration list for PBXProject "Project12" */;
			compatibilityVersion = "Xcode 9.3";
			developmentRegion = en;
			hasScannedForEncodings = 0;
			knownRegions = (
				en,
				Base,
			);
			mainGroup = 12013CB222C9A35F00ACEC5F;
			productRefGroup = 12013CBC22C9A35F00ACEC5F /* Products */;
			projectDirPath = "";
			projectRoot = "";
			targets = (
				12013CBA22C9A35F00ACEC5F /* Project12 */,
				12013CCE22C9A36100ACEC5F /* Project12Tests */,
				12013CD922C9A36100ACEC5F /* Project12UITests */,
			);
		};
/* End PBXProject section */

/* Begin PBXResourcesBuildPhase section */
		12013CB922C9A35F00ACEC5F /* Resources */ = {
			isa = PBXResourcesBuildPhase;
			buildActionMask = 2147483647;
			files = (
				12013CC922C9A36100ACEC5F /* LaunchScreen.storyboard in Resources */,
				12013CC622C9A36100ACEC5F /* Assets.xcassets in Resources */,
				12013CC422C9A35F00ACEC5F /* Main.storyboard in Resources */,
			);
			runOnlyForDeploymentPostprocessing = 0;
		};
		12013CCD22C9A36100ACEC5F /* Resources */ = {
			isa = PBXResourcesBuildPhase;
			buildActionMask = 2147483647;
			files = (
			);
			runOnlyForDeploymentPostprocessing = 0;
		};
		12013CD822C9A36100ACEC5F /* Resources */ = {
			isa = PBXResourcesBuildPhase;
			buildActionMask = 2147483647;
			files = (
			);
			runOnlyForDeploymentPostprocessing = 0;
		};
/* End PBXResourcesBuildPhase section */

/* Begin PBXSourcesBuildPhase section */
		12013CB722C9A35F00ACEC5F /* Sources */ = {
			isa = PBXSourcesBuildPhase;
			buildActionMask = 2147483647;
			files = (
				12013CC122C9A35F00ACEC5F /* ViewController.swift in Sources */,
				12013CED22C9A40900ACEC5F /* FoodTableViewController.swift in Sources */,
				12013CBF22C9A35F00ACEC5F /* AppDelegate.swift in Sources */,
			);
			runOnlyForDeploymentPostprocessing = 0;
		};
		12013CCB22C9A36100ACEC5F /* Sources */ = {
			isa = PBXSourcesBuildPhase;
			buildActionMask = 2147483647;
			files = (
				12013CD422C9A36100ACEC5F /* Project12Tests.swift in Sources */,
			);
			runOnlyForDeploymentPostprocessing = 0;
		};
		12013CD622C9A36100ACEC5F /* Sources */ = {
			isa = PBXSourcesBuildPhase;
			buildActionMask = 2147483647;
			files = (
				12013CDF22C9A36100ACEC5F /* Project12UITests.swift in Sources */,
			);
			runOnlyForDeploymentPostprocessing = 0;
		};
/* End PBXSourcesBuildPhase section */

/* Begin PBXTargetDependency section */
		12013CD122C9A36100ACEC5F /* PBXTargetDependency */ = {
			isa = PBXTargetDependency;
			target = 12013CBA22C9A35F00ACEC5F /* Project12 */;
			targetProxy = 12013CD022C9A36100ACEC5F /* PBXContainerItemProxy */;
		};
		12013CDC22C9A36100ACEC5F /* PBXTargetDependency */ = {
			isa = PBXTargetDependency;
			target = 12013CBA22C9A35F00ACEC5F /* Project12 */;
			targetProxy = 12013CDB22C9A36100ACEC5F /* PBXContainerItemProxy */;
		};
/* End PBXTargetDependency section */

/* Begin PBXVariantGroup section */
		12013CC222C9A35F00ACEC5F /* Main.storyboard */ = {
			isa = PBXVariantGroup;
			children = (
				12013CC322C9A35F00ACEC5F /* Base */,
			);
			name = Main.storyboard;
			sourceTree = "<group>";
		};
		12013CC722C9A36100ACEC5F /* LaunchScreen.storyboard */ = {
			isa = PBXVariantGroup;
			children = (
				12013CC822C9A36100ACEC5F /* Base */,
			);
			name = LaunchScreen.storyboard;
			sourceTree = "<group>";
		};
/* End PBXVariantGroup section */

/* Begin XCBuildConfiguration section */
		12013CE122C9A36100ACEC5F /* Debug */ = {
			isa = XCBuildConfiguration;
			buildSettings = {
				ALWAYS_SEARCH_USER_PATHS = NO;
				CLANG_ANALYZER_NONNULL = YES;
				CLANG_ANALYZER_NUMBER_OBJECT_CONVERSION = YES_AGGRESSIVE;
				CLANG_CXX_LANGUAGE_STANDARD = "gnu++14";
				CLANG_CXX_LIBRARY = "libc++";
				CLANG_ENABLE_MODULES = YES;
				CLANG_ENABLE_OBJC_ARC = YES;
				CLANG_ENABLE_OBJC_WEAK = YES;
				CLANG_WARN_BLOCK_CAPTURE_AUTORELEASING = YES;
				CLANG_WARN_BOOL_CONVERSION = YES;
				CLANG_WARN_COMMA = YES;
				CLANG_WARN_CONSTANT_CONVERSION = YES;
				CLANG_WARN_DEPRECATED_OBJC_IMPLEMENTATIONS = YES;
				CLANG_WARN_DIRECT_OBJC_ISA_USAGE = YES_ERROR;
				CLANG_WARN_DOCUMENTATION_COMMENTS = YES;
				CLANG_WARN_EMPTY_BODY = YES;
				CLANG_WARN_ENUM_CONVERSION = YES;
				CLANG_WARN_INFINITE_RECURSION = YES;
				CLANG_WARN_INT_CONVERSION = YES;
				CLANG_WARN_NON_LITERAL_NULL_CONVERSION = YES;
				CLANG_WARN_OBJC_IMPLICIT_RETAIN_SELF = YES;
				CLANG_WARN_OBJC_LITERAL_CONVERSION = YES;
				CLANG_WARN_OBJC_ROOT_CLASS = YES_ERROR;
				CLANG_WARN_RANGE_LOOP_ANALYSIS = YES;
				CLANG_WARN_STRICT_PROTOTYPES = YES;
				CLANG_WARN_SUSPICIOUS_MOVE = YES;
				CLANG_WARN_UNGUARDED_AVAILABILITY = YES_AGGRESSIVE;
				CLANG_WARN_UNREACHABLE_CODE = YES;
				CLANG_WARN__DUPLICATE_METHOD_MATCH = YES;
				CODE_SIGN_IDENTITY = "iPhone Developer";
				COPY_PHASE_STRIP = NO;
				DEBUG_INFORMATION_FORMAT = dwarf;
				ENABLE_STRICT_OBJC_MSGSEND = YES;
				ENABLE_TESTABILITY = YES;
				GCC_C_LANGUAGE_STANDARD = gnu11;
				GCC_DYNAMIC_NO_PIC = NO;
				GCC_NO_COMMON_BLOCKS = YES;
				GCC_OPTIMIZATION_LEVEL = 0;
				GCC_PREPROCESSOR_DEFINITIONS = (
					"DEBUG=1",
					"$(inherited)",
				);
				GCC_WARN_64_TO_32_BIT_CONVERSION = YES;
				GCC_WARN_ABOUT_RETURN_TYPE = YES_ERROR;
				GCC_WARN_UNDECLARED_SELECTOR = YES;
				GCC_WARN_UNINITIALIZED_AUTOS = YES_AGGRESSIVE;
				GCC_WARN_UNUSED_FUNCTION = YES;
				GCC_WARN_UNUSED_VARIABLE = YES;
				IPHONEOS_DEPLOYMENT_TARGET = 12.2;
				MTL_ENABLE_DEBUG_INFO = INCLUDE_SOURCE;
				MTL_FAST_MATH = YES;
				ONLY_ACTIVE_ARCH = YES;
				SDKROOT = iphoneos;
				SWIFT_ACTIVE_COMPILATION_CONDITIONS = DEBUG;
				SWIFT_OPTIMIZATION_LEVEL = "-Onone";
			};
			name = Debug;
		};
		12013CE222C9A36100ACEC5F /* Release */ = {
			isa = XCBuildConfiguration;
			buildSettings = {
				ALWAYS_SEARCH_USER_PATHS = NO;
				CLANG_ANALYZER_NONNULL = YES;
				CLANG_ANALYZER_NUMBER_OBJECT_CONVERSION = YES_AGGRESSIVE;
				CLANG_CXX_LANGUAGE_STANDARD = "gnu++14";
				CLANG_CXX_LIBRARY = "libc++";
				CLANG_ENABLE_MODULES = YES;
				CLANG_ENABLE_OBJC_ARC = YES;
				CLANG_ENABLE_OBJC_WEAK = YES;
				CLANG_WARN_BLOCK_CAPTURE_AUTORELEASING = YES;
				CLANG_WARN_BOOL_CONVERSION = YES;
				CLANG_WARN_COMMA = YES;
				CLANG_WARN_CONSTANT_CONVERSION = YES;
				CLANG_WARN_DEPRECATED_OBJC_IMPLEMENTATIONS = YES;
				CLANG_WARN_DIRECT_OBJC_ISA_USAGE = YES_ERROR;
				CLANG_WARN_DOCUMENTATION_COMMENTS = YES;
				CLANG_WARN_EMPTY_BODY = YES;
				CLANG_WARN_ENUM_CONVERSION = YES;
				CLANG_WARN_INFINITE_RECURSION = YES;
				CLANG_WARN_INT_CONVERSION = YES;
				CLANG_WARN_NON_LITERAL_NULL_CONVERSION = YES;
				CLANG_WARN_OBJC_IMPLICIT_RETAIN_SELF = YES;
				CLANG_WARN_OBJC_LITERAL_CONVERSION = YES;
				CLANG_WARN_OBJC_ROOT_CLASS = YES_ERROR;
				CLANG_WARN_RANGE_LOOP_ANALYSIS = YES;
				CLANG_WARN_STRICT_PROTOTYPES = YES;
				CLANG_WARN_SUSPICIOUS_MOVE = YES;
				CLANG_WARN_UNGUARDED_AVAILABILITY = YES_AGGRESSIVE;
				CLANG_WARN_UNREACHABLE_CODE = YES;
				CLANG_WARN__DUPLICATE_METHOD_MATCH = YES;
				CODE_SIGN_IDENTITY = "iPhone Developer";
				COPY_PHASE_STRIP = NO;
				DEBUG_INFORMATION_FORMAT = "dwarf-with-dsym";
				ENABLE_NS_ASSERTIONS = NO;
				ENABLE_STRICT_OBJC_MSGSEND = YES;
				GCC_C_LANGUAGE_STANDARD = gnu11;
				GCC_NO_COMMON_BLOCKS = YES;
				GCC_WARN_64_TO_32_BIT_CONVERSION = YES;
				GCC_WARN_ABOUT_RETURN_TYPE = YES_ERROR;
				GCC_WARN_UNDECLARED_SELECTOR = YES;
				GCC_WARN_UNINITIALIZED_AUTOS = YES_AGGRESSIVE;
				GCC_WARN_UNUSED_FUNCTION = YES;
				GCC_WARN_UNUSED_VARIABLE = YES;
				IPHONEOS_DEPLOYMENT_TARGET = 12.2;
				MTL_ENABLE_DEBUG_INFO = NO;
				MTL_FAST_MATH = YES;
				SDKROOT = iphoneos;
				SWIFT_COMPILATION_MODE = wholemodule;
				SWIFT_OPTIMIZATION_LEVEL = "-O";
				VALIDATE_PRODUCT = YES;
			};
			name = Release;
		};
		12013CE422C9A36100ACEC5F /* Debug */ = {
			isa = XCBuildConfiguration;
			buildSettings = {
				ASSETCATALOG_COMPILER_APPICON_NAME = AppIcon;
				CODE_SIGN_STYLE = Automatic;
				INFOPLIST_FILE = Project12/Info.plist;
				LD_RUNPATH_SEARCH_PATHS = (
					"$(inherited)",
					"@executable_path/Frameworks",
				);
				PRODUCT_BUNDLE_IDENTIFIER = timemaj.Project12;
				PRODUCT_NAME = "$(TARGET_NAME)";
				SWIFT_VERSION = 5.0;
				TARGETED_DEVICE_FAMILY = "1,2";
			};
			name = Debug;
		};
		12013CE522C9A36100ACEC5F /* Release */ = {
			isa = XCBuildConfiguration;
			buildSettings = {
				ASSETCATALOG_COMPILER_APPICON_NAME = AppIcon;
				CODE_SIGN_STYLE = Automatic;
				INFOPLIST_FILE = Project12/Info.plist;
				LD_RUNPATH_SEARCH_PATHS = (
					"$(inherited)",
					"@executable_path/Frameworks",
				);
				PRODUCT_BUNDLE_IDENTIFIER = timemaj.Project12;
				PRODUCT_NAME = "$(TARGET_NAME)";
				SWIFT_VERSION = 5.0;
				TARGETED_DEVICE_FAMILY = "1,2";
			};
			name = Release;
		};
		12013CE722C9A36100ACEC5F /* Debug */ = {
			isa = XCBuildConfiguration;
			buildSettings = {
				ALWAYS_EMBED_SWIFT_STANDARD_LIBRARIES = YES;
				BUNDLE_LOADER = "$(TEST_HOST)";
				CODE_SIGN_STYLE = Automatic;
				INFOPLIST_FILE = Project12Tests/Info.plist;
				LD_RUNPATH_SEARCH_PATHS = (
					"$(inherited)",
					"@executable_path/Frameworks",
					"@loader_path/Frameworks",
				);
				PRODUCT_BUNDLE_IDENTIFIER = timemaj.Project12Tests;
				PRODUCT_NAME = "$(TARGET_NAME)";
				SWIFT_VERSION = 5.0;
				TARGETED_DEVICE_FAMILY = "1,2";
				TEST_HOST = "$(BUILT_PRODUCTS_DIR)/Project12.app/Project12";
			};
			name = Debug;
		};
		12013CE822C9A36100ACEC5F /* Release */ = {
			isa = XCBuildConfiguration;
			buildSettings = {
				ALWAYS_EMBED_SWIFT_STANDARD_LIBRARIES = YES;
				BUNDLE_LOADER = "$(TEST_HOST)";
				CODE_SIGN_STYLE = Automatic;
				INFOPLIST_FILE = Project12Tests/Info.plist;
				LD_RUNPATH_SEARCH_PATHS = (
					"$(inherited)",
					"@executable_path/Frameworks",
					"@loader_path/Frameworks",
				);
				PRODUCT_BUNDLE_IDENTIFIER = timemaj.Project12Tests;
				PRODUCT_NAME = "$(TARGET_NAME)";
				SWIFT_VERSION = 5.0;
				TARGETED_DEVICE_FAMILY = "1,2";
				TEST_HOST = "$(BUILT_PRODUCTS_DIR)/Project12.app/Project12";
			};
			name = Release;
		};
		12013CEA22C9A36100ACEC5F /* Debug */ = {
			isa = XCBuildConfiguration;
			buildSettings = {
				ALWAYS_EMBED_SWIFT_STANDARD_LIBRARIES = YES;
				CODE_SIGN_STYLE = Automatic;
				INFOPLIST_FILE = Project12UITests/Info.plist;
				LD_RUNPATH_SEARCH_PATHS = (
					"$(inherited)",
					"@executable_path/Frameworks",
					"@loader_path/Frameworks",
				);
				PRODUCT_BUNDLE_IDENTIFIER = timemaj.Project12UITests;
				PRODUCT_NAME = "$(TARGET_NAME)";
				SWIFT_VERSION = 5.0;
				TARGETED_DEVICE_FAMILY = "1,2";
				TEST_TARGET_NAME = Project12;
			};
			name = Debug;
		};
		12013CEB22C9A36100ACEC5F /* Release */ = {
			isa = XCBuildConfiguration;
			buildSettings = {
				ALWAYS_EMBED_SWIFT_STANDARD_LIBRARIES = YES;
				CODE_SIGN_STYLE = Automatic;
				INFOPLIST_FILE = Project12UITests/Info.plist;
				LD_RUNPATH_SEARCH_PATHS = (
					"$(inherited)",
					"@executable_path/Frameworks",
					"@loader_path/Frameworks",
				);
				PRODUCT_BUNDLE_IDENTIFIER = timemaj.Project12UITests;
				PRODUCT_NAME = "$(TARGET_NAME)";
				SWIFT_VERSION = 5.0;
				TARGETED_DEVICE_FAMILY = "1,2";
				TEST_TARGET_NAME = Project12;
			};
			name = Release;
		};
/* End XCBuildConfiguration section */

/* Begin XCConfigurationList section */
		12013CB622C9A35F00ACEC5F /* Build configuration list for PBXProject "Project12" */ = {
			isa = XCConfigurationList;
			buildConfigurations = (
				12013CE122C9A36100ACEC5F /* Debug */,
				12013CE222C9A36100ACEC5F /* Release */,
			);
			defaultConfigurationIsVisible = 0;
			defaultConfigurationName = Release;
		};
		12013CE322C9A36100ACEC5F /* Build configuration list for PBXNativeTarget "Project12" */ = {
			isa = XCConfigurationList;
			buildConfigurations = (
				12013CE422C9A36100ACEC5F /* Debug */,
				12013CE522C9A36100ACEC5F /* Release */,
			);
			defaultConfigurationIsVisible = 0;
			defaultConfigurationName = Release;
		};
		12013CE622C9A36100ACEC5F /* Build configuration list for PBXNativeTarget "Project12Tests" */ = {
			isa = XCConfigurationList;
			buildConfigurations = (
				12013CE722C9A36100ACEC5F /* Debug */,
				12013CE822C9A36100ACEC5F /* Release */,
			);
			defaultConfigurationIsVisible = 0;
			defaultConfigurationName = Release;
		};
		12013CE922C9A36100ACEC5F /* Build configuration list for PBXNativeTarget "Project12UITests" */ = {
			isa = XCConfigurationList;
			buildConfigurations = (
				12013CEA22C9A36100ACEC5F /* Debug */,
				12013CEB22C9A36100ACEC5F /* Release */,
			);
			defaultConfigurationIsVisible = 0;
			defaultConfigurationName = Release;
		};
/* End XCConfigurationList section */
	};
	rootObject = 12013CB322C9A35F00ACEC5F /* Project object */;
}
