// !$*UTF8*$!
{
	archiveVersion = 1;
	classes = {
	};
	objectVersion = 50;
	objects = {

/* Begin PBXBuildFile section */
		12013FB122CE1C3100ACEC5F /* AppDelegate.swift in Sources */ = {isa = PBXBuildFile; fileRef = 12013FB022CE1C3100ACEC5F /* AppDelegate.swift */; };
		12013FB322CE1C3100ACEC5F /* ViewController.swift in Sources */ = {isa = PBXBuildFile; fileRef = 12013FB222CE1C3100ACEC5F /* ViewController.swift */; };
		12013FB622CE1C3100ACEC5F /* Main.storyboard in Resources */ = {isa = PBXBuildFile; fileRef = 12013FB422CE1C3100ACEC5F /* Main.storyboard */; };
		12013FB922CE1C3100ACEC5F /* Project25.xcdatamodeld in Sources */ = {isa = PBXBuildFile; fileRef = 12013FB722CE1C3100ACEC5F /* Project25.xcdatamodeld */; };
		12013FBB22CE1C3200ACEC5F /* Assets.xcassets in Resources */ = {isa = PBXBuildFile; fileRef = 12013FBA22CE1C3200ACEC5F /* Assets.xcassets */; };
		12013FBE22CE1C3200ACEC5F /* LaunchScreen.storyboard in Resources */ = {isa = PBXBuildFile; fileRef = 12013FBC22CE1C3200ACEC5F /* LaunchScreen.storyboard */; };
		12013FC922CE1C3200ACEC5F /* Project25Tests.swift in Sources */ = {isa = PBXBuildFile; fileRef = 12013FC822CE1C3200ACEC5F /* Project25Tests.swift */; };
		12013FD422CE1C3200ACEC5F /* Project25UITests.swift in Sources */ = {isa = PBXBuildFile; fileRef = 12013FD322CE1C3200ACEC5F /* Project25UITests.swift */; };
		12013FE422CE4ED600ACEC5F /* PhotoCollectionViewController.swift in Sources */ = {isa = PBXBuildFile; fileRef = 12013FE322CE4ED600ACEC5F /* PhotoCollectionViewController.swift */; };
		12013FEC22CF13A900ACEC5F /* CollectionViewCell.swift in Sources */ = {isa = PBXBuildFile; fileRef = 12013FEB22CF13A900ACEC5F /* CollectionViewCell.swift */; };
/* End PBXBuildFile section */

/* Begin PBXContainerItemProxy section */
		12013FC522CE1C3200ACEC5F /* PBXContainerItemProxy */ = {
			isa = PBXContainerItemProxy;
			containerPortal = 12013FA522CE1C3100ACEC5F /* Project object */;
			proxyType = 1;
			remoteGlobalIDString = 12013FAC22CE1C3100ACEC5F;
			remoteInfo = Project25;
		};
		12013FD022CE1C3200ACEC5F /* PBXContainerItemProxy */ = {
			isa = PBXContainerItemProxy;
			containerPortal = 12013FA522CE1C3100ACEC5F /* Project object */;
			proxyType = 1;
			remoteGlobalIDString = 12013FAC22CE1C3100ACEC5F;
			remoteInfo = Project25;
		};
/* End PBXContainerItemProxy section */

/* Begin PBXFileReference section */
		12013FAD22CE1C3100ACEC5F /* Project25.app */ = {isa = PBXFileReference; explicitFileType = wrapper.application; includeInIndex = 0; path = Project25.app; sourceTree = BUILT_PRODUCTS_DIR; };
		12013FB022CE1C3100ACEC5F /* AppDelegate.swift */ = {isa = PBXFileReference; lastKnownFileType = sourcecode.swift; path = AppDelegate.swift; sourceTree = "<group>"; };
		12013FB222CE1C3100ACEC5F /* ViewController.swift */ = {isa = PBXFileReference; lastKnownFileType = sourcecode.swift; path = ViewController.swift; sourceTree = "<group>"; };
		12013FB522CE1C3100ACEC5F /* Base */ = {isa = PBXFileReference; lastKnownFileType = file.storyboard; name = Base; path = Base.lproj/Main.storyboard; sourceTree = "<group>"; };
		12013FB822CE1C3100ACEC5F /* Project25.xcdatamodel */ = {isa = PBXFileReference; lastKnownFileType = wrapper.xcdatamodel; path = Project25.xcdatamodel; sourceTree = "<group>"; };
		12013FBA22CE1C3200ACEC5F /* Assets.xcassets */ = {isa = PBXFileReference; lastKnownFileType = folder.assetcatalog; path = Assets.xcassets; sourceTree = "<group>"; };
		12013FBD22CE1C3200ACEC5F /* Base */ = {isa = PBXFileReference; lastKnownFileType = file.storyboard; name = Base; path = Base.lproj/LaunchScreen.storyboard; sourceTree = "<group>"; };
		12013FBF22CE1C3200ACEC5F /* Info.plist */ = {isa = PBXFileReference; lastKnownFileType = text.plist.xml; path = Info.plist; sourceTree = "<group>"; };
		12013FC422CE1C3200ACEC5F /* Project25Tests.xctest */ = {isa = PBXFileReference; explicitFileType = wrapper.cfbundle; includeInIndex = 0; path = Project25Tests.xctest; sourceTree = BUILT_PRODUCTS_DIR; };
		12013FC822CE1C3200ACEC5F /* Project25Tests.swift */ = {isa = PBXFileReference; lastKnownFileType = sourcecode.swift; path = Project25Tests.swift; sourceTree = "<group>"; };
		12013FCA22CE1C3200ACEC5F /* Info.plist */ = {isa = PBXFileReference; lastKnownFileType = text.plist.xml; path = Info.plist; sourceTree = "<group>"; };
		12013FCF22CE1C3200ACEC5F /* Project25UITests.xctest */ = {isa = PBXFileReference; explicitFileType = wrapper.cfbundle; includeInIndex = 0; path = Project25UITests.xctest; sourceTree = BUILT_PRODUCTS_DIR; };
		12013FD322CE1C3200ACEC5F /* Project25UITests.swift */ = {isa = PBXFileReference; lastKnownFileType = sourcecode.swift; path = Project25UITests.swift; sourceTree = "<group>"; };
		12013FD522CE1C3200ACEC5F /* Info.plist */ = {isa = PBXFileReference; lastKnownFileType = text.plist.xml; path = Info.plist; sourceTree = "<group>"; };
		12013FE322CE4ED600ACEC5F /* PhotoCollectionViewController.swift */ = {isa = PBXFileReference; lastKnownFileType = sourcecode.swift; path = PhotoCollectionViewController.swift; sourceTree = "<group>"; };
		12013FEB22CF13A900ACEC5F /* CollectionViewCell.swift */ = {isa = PBXFileReference; lastKnownFileType = sourcecode.swift; path = CollectionViewCell.swift; sourceTree = "<group>"; };
/* End PBXFileReference section */

/* Begin PBXFrameworksBuildPhase section */
		12013FAA22CE1C3100ACEC5F /* Frameworks */ = {
			isa = PBXFrameworksBuildPhase;
			buildActionMask = 2147483647;
			files = (
			);
			runOnlyForDeploymentPostprocessing = 0;
		};
		12013FC122CE1C3200ACEC5F /* Frameworks */ = {
			isa = PBXFrameworksBuildPhase;
			buildActionMask = 2147483647;
			files = (
			);
			runOnlyForDeploymentPostprocessing = 0;
		};
		12013FCC22CE1C3200ACEC5F /* Frameworks */ = {
			isa = PBXFrameworksBuildPhase;
			buildActionMask = 2147483647;
			files = (
			);
			runOnlyForDeploymentPostprocessing = 0;
		};
/* End PBXFrameworksBuildPhase section */

/* Begin PBXGroup section */
		12013FA422CE1C3100ACEC5F = {
			isa = PBXGroup;
			children = (
				12013FAF22CE1C3100ACEC5F /* Project25 */,
				12013FC722CE1C3200ACEC5F /* Project25Tests */,
				12013FD222CE1C3200ACEC5F /* Project25UITests */,
				12013FAE22CE1C3100ACEC5F /* Products */,
			);
			sourceTree = "<group>";
		};
		12013FAE22CE1C3100ACEC5F /* Products */ = {
			isa = PBXGroup;
			children = (
				12013FAD22CE1C3100ACEC5F /* Project25.app */,
				12013FC422CE1C3200ACEC5F /* Project25Tests.xctest */,
				12013FCF22CE1C3200ACEC5F /* Project25UITests.xctest */,
			);
			name = Products;
			sourceTree = "<group>";
		};
		12013FAF22CE1C3100ACEC5F /* Project25 */ = {
			isa = PBXGroup;
			children = (
				12013FB022CE1C3100ACEC5F /* AppDelegate.swift */,
				12013FB222CE1C3100ACEC5F /* ViewController.swift */,
				12013FB422CE1C3100ACEC5F /* Main.storyboard */,
				12013FBA22CE1C3200ACEC5F /* Assets.xcassets */,
				12013FBC22CE1C3200ACEC5F /* LaunchScreen.storyboard */,
				12013FBF22CE1C3200ACEC5F /* Info.plist */,
				12013FB722CE1C3100ACEC5F /* Project25.xcdatamodeld */,
				12013FE322CE4ED600ACEC5F /* PhotoCollectionViewController.swift */,
				12013FEB22CF13A900ACEC5F /* CollectionViewCell.swift */,
			);
			path = Project25;
			sourceTree = "<group>";
		};
		12013FC722CE1C3200ACEC5F /* Project25Tests */ = {
			isa = PBXGroup;
			children = (
				12013FC822CE1C3200ACEC5F /* Project25Tests.swift */,
				12013FCA22CE1C3200ACEC5F /* Info.plist */,
			);
			path = Project25Tests;
			sourceTree = "<group>";
		};
		12013FD222CE1C3200ACEC5F /* Project25UITests */ = {
			isa = PBXGroup;
			children = (
				12013FD322CE1C3200ACEC5F /* Project25UITests.swift */,
				12013FD522CE1C3200ACEC5F /* Info.plist */,
			);
			path = Project25UITests;
			sourceTree = "<group>";
		};
/* End PBXGroup section */

/* Begin PBXNativeTarget section */
		12013FAC22CE1C3100ACEC5F /* Project25 */ = {
			isa = PBXNativeTarget;
			buildConfigurationList = 12013FD822CE1C3200ACEC5F /* Build configuration list for PBXNativeTarget "Project25" */;
			buildPhases = (
				12013FA922CE1C3100ACEC5F /* Sources */,
				12013FAA22CE1C3100ACEC5F /* Frameworks */,
				12013FAB22CE1C3100ACEC5F /* Resources */,
			);
			buildRules = (
			);
			dependencies = (
			);
			name = Project25;
			productName = Project25;
			productReference = 12013FAD22CE1C3100ACEC5F /* Project25.app */;
			productType = "com.apple.product-type.application";
		};
		12013FC322CE1C3200ACEC5F /* Project25Tests */ = {
			isa = PBXNativeTarget;
			buildConfigurationList = 12013FDB22CE1C3200ACEC5F /* Build configuration list for PBXNativeTarget "Project25Tests" */;
			buildPhases = (
				12013FC022CE1C3200ACEC5F /* Sources */,
				12013FC122CE1C3200ACEC5F /* Frameworks */,
				12013FC222CE1C3200ACEC5F /* Resources */,
			);
			buildRules = (
			);
			dependencies = (
				12013FC622CE1C3200ACEC5F /* PBXTargetDependency */,
			);
			name = Project25Tests;
			productName = Project25Tests;
			productReference = 12013FC422CE1C3200ACEC5F /* Project25Tests.xctest */;
			productType = "com.apple.product-type.bundle.unit-test";
		};
		12013FCE22CE1C3200ACEC5F /* Project25UITests */ = {
			isa = PBXNativeTarget;
			buildConfigurationList = 12013FDE22CE1C3200ACEC5F /* Build configuration list for PBXNativeTarget "Project25UITests" */;
			buildPhases = (
				12013FCB22CE1C3200ACEC5F /* Sources */,
				12013FCC22CE1C3200ACEC5F /* Frameworks */,
				12013FCD22CE1C3200ACEC5F /* Resources */,
			);
			buildRules = (
			);
			dependencies = (
				12013FD122CE1C3200ACEC5F /* PBXTargetDependency */,
			);
			name = Project25UITests;
			productName = Project25UITests;
			productReference = 12013FCF22CE1C3200ACEC5F /* Project25UITests.xctest */;
			productType = "com.apple.product-type.bundle.ui-testing";
		};
/* End PBXNativeTarget section */

/* Begin PBXProject section */
		12013FA522CE1C3100ACEC5F /* Project object */ = {
			isa = PBXProject;
			attributes = {
				LastSwiftUpdateCheck = 1020;
				LastUpgradeCheck = 1020;
				ORGANIZATIONNAME = MaJ;
				TargetAttributes = {
					12013FAC22CE1C3100ACEC5F = {
						CreatedOnToolsVersion = 10.2.1;
					};
					12013FC322CE1C3200ACEC5F = {
						CreatedOnToolsVersion = 10.2.1;
						TestTargetID = 12013FAC22CE1C3100ACEC5F;
					};
					12013FCE22CE1C3200ACEC5F = {
						CreatedOnToolsVersion = 10.2.1;
						TestTargetID = 12013FAC22CE1C3100ACEC5F;
					};
				};
			};
			buildConfigurationList = 12013FA822CE1C3100ACEC5F /* Build configuration list for PBXProject "Project25" */;
			compatibilityVersion = "Xcode 9.3";
			developmentRegion = en;
			hasScannedForEncodings = 0;
			knownRegions = (
				en,
				Base,
			);
			mainGroup = 12013FA422CE1C3100ACEC5F;
			productRefGroup = 12013FAE22CE1C3100ACEC5F /* Products */;
			projectDirPath = "";
			projectRoot = "";
			targets = (
				12013FAC22CE1C3100ACEC5F /* Project25 */,
				12013FC322CE1C3200ACEC5F /* Project25Tests */,
				12013FCE22CE1C3200ACEC5F /* Project25UITests */,
			);
		};
/* End PBXProject section */

/* Begin PBXResourcesBuildPhase section */
		12013FAB22CE1C3100ACEC5F /* Resources */ = {
			isa = PBXResourcesBuildPhase;
			buildActionMask = 2147483647;
			files = (
				12013FBE22CE1C3200ACEC5F /* LaunchScreen.storyboard in Resources */,
				12013FBB22CE1C3200ACEC5F /* Assets.xcassets in Resources */,
				12013FB622CE1C3100ACEC5F /* Main.storyboard in Resources */,
			);
			runOnlyForDeploymentPostprocessing = 0;
		};
		12013FC222CE1C3200ACEC5F /* Resources */ = {
			isa = PBXResourcesBuildPhase;
			buildActionMask = 2147483647;
			files = (
			);
			runOnlyForDeploymentPostprocessing = 0;
		};
		12013FCD22CE1C3200ACEC5F /* Resources */ = {
			isa = PBXResourcesBuildPhase;
			buildActionMask = 2147483647;
			files = (
			);
			runOnlyForDeploymentPostprocessing = 0;
		};
/* End PBXResourcesBuildPhase section */

/* Begin PBXSourcesBuildPhase section */
		12013FA922CE1C3100ACEC5F /* Sources */ = {
			isa = PBXSourcesBuildPhase;
			buildActionMask = 2147483647;
			files = (
				12013FEC22CF13A900ACEC5F /* CollectionViewCell.swift in Sources */,
				12013FB322CE1C3100ACEC5F /* ViewController.swift in Sources */,
				12013FB122CE1C3100ACEC5F /* AppDelegate.swift in Sources */,
				12013FB922CE1C3100ACEC5F /* Project25.xcdatamodeld in Sources */,
				12013FE422CE4ED600ACEC5F /* PhotoCollectionViewController.swift in Sources */,
			);
			runOnlyForDeploymentPostprocessing = 0;
		};
		12013FC022CE1C3200ACEC5F /* Sources */ = {
			isa = PBXSourcesBuildPhase;
			buildActionMask = 2147483647;
			files = (
				12013FC922CE1C3200ACEC5F /* Project25Tests.swift in Sources */,
			);
			runOnlyForDeploymentPostprocessing = 0;
		};
		12013FCB22CE1C3200ACEC5F /* Sources */ = {
			isa = PBXSourcesBuildPhase;
			buildActionMask = 2147483647;
			files = (
				12013FD422CE1C3200ACEC5F /* Project25UITests.swift in Sources */,
			);
			runOnlyForDeploymentPostprocessing = 0;
		};
/* End PBXSourcesBuildPhase section */

/* Begin PBXTargetDependency section */
		12013FC622CE1C3200ACEC5F /* PBXTargetDependency */ = {
			isa = PBXTargetDependency;
			target = 12013FAC22CE1C3100ACEC5F /* Project25 */;
			targetProxy = 12013FC522CE1C3200ACEC5F /* PBXContainerItemProxy */;
		};
		12013FD122CE1C3200ACEC5F /* PBXTargetDependency */ = {
			isa = PBXTargetDependency;
			target = 12013FAC22CE1C3100ACEC5F /* Project25 */;
			targetProxy = 12013FD022CE1C3200ACEC5F /* PBXContainerItemProxy */;
		};
/* End PBXTargetDependency section */

/* Begin PBXVariantGroup section */
		12013FB422CE1C3100ACEC5F /* Main.storyboard */ = {
			isa = PBXVariantGroup;
			children = (
				12013FB522CE1C3100ACEC5F /* Base */,
			);
			name = Main.storyboard;
			sourceTree = "<group>";
		};
		12013FBC22CE1C3200ACEC5F /* LaunchScreen.storyboard */ = {
			isa = PBXVariantGroup;
			children = (
				12013FBD22CE1C3200ACEC5F /* Base */,
			);
			name = LaunchScreen.storyboard;
			sourceTree = "<group>";
		};
/* End PBXVariantGroup section */

/* Begin XCBuildConfiguration section */
		12013FD622CE1C3200ACEC5F /* Debug */ = {
			isa = XCBuildConfiguration;
			buildSettings = {
				ALWAYS_SEARCH_USER_PATHS = NO;
				CLANG_ANALYZER_NONNULL = YES;
				CLANG_ANALYZER_NUMBER_OBJECT_CONVERSION = YES_AGGRESSIVE;
				CLANG_CXX_LANGUAGE_STANDARD = "gnu++14";
				CLANG_CXX_LIBRARY = "libc++";
				CLANG_ENABLE_MODULES = YES;
				CLANG_ENABLE_OBJC_ARC = YES;
				CLANG_ENABLE_OBJC_WEAK = YES;
				CLANG_WARN_BLOCK_CAPTURE_AUTORELEASING = YES;
				CLANG_WARN_BOOL_CONVERSION = YES;
				CLANG_WARN_COMMA = YES;
				CLANG_WARN_CONSTANT_CONVERSION = YES;
				CLANG_WARN_DEPRECATED_OBJC_IMPLEMENTATIONS = YES;
				CLANG_WARN_DIRECT_OBJC_ISA_USAGE = YES_ERROR;
				CLANG_WARN_DOCUMENTATION_COMMENTS = YES;
				CLANG_WARN_EMPTY_BODY = YES;
				CLANG_WARN_ENUM_CONVERSION = YES;
				CLANG_WARN_INFINITE_RECURSION = YES;
				CLANG_WARN_INT_CONVERSION = YES;
				CLANG_WARN_NON_LITERAL_NULL_CONVERSION = YES;
				CLANG_WARN_OBJC_IMPLICIT_RETAIN_SELF = YES;
				CLANG_WARN_OBJC_LITERAL_CONVERSION = YES;
				CLANG_WARN_OBJC_ROOT_CLASS = YES_ERROR;
				CLANG_WARN_RANGE_LOOP_ANALYSIS = YES;
				CLANG_WARN_STRICT_PROTOTYPES = YES;
				CLANG_WARN_SUSPICIOUS_MOVE = YES;
				CLANG_WARN_UNGUARDED_AVAILABILITY = YES_AGGRESSIVE;
				CLANG_WARN_UNREACHABLE_CODE = YES;
				CLANG_WARN__DUPLICATE_METHOD_MATCH = YES;
				CODE_SIGN_IDENTITY = "iPhone Developer";
				COPY_PHASE_STRIP = NO;
				DEBUG_INFORMATION_FORMAT = dwarf;
				ENABLE_STRICT_OBJC_MSGSEND = YES;
				ENABLE_TESTABILITY = YES;
				GCC_C_LANGUAGE_STANDARD = gnu11;
				GCC_DYNAMIC_NO_PIC = NO;
				GCC_NO_COMMON_BLOCKS = YES;
				GCC_OPTIMIZATION_LEVEL = 0;
				GCC_PREPROCESSOR_DEFINITIONS = (
					"DEBUG=1",
					"$(inherited)",
				);
				GCC_WARN_64_TO_32_BIT_CONVERSION = YES;
				GCC_WARN_ABOUT_RETURN_TYPE = YES_ERROR;
				GCC_WARN_UNDECLARED_SELECTOR = YES;
				GCC_WARN_UNINITIALIZED_AUTOS = YES_AGGRESSIVE;
				GCC_WARN_UNUSED_FUNCTION = YES;
				GCC_WARN_UNUSED_VARIABLE = YES;
				IPHONEOS_DEPLOYMENT_TARGET = 12.2;
				MTL_ENABLE_DEBUG_INFO = INCLUDE_SOURCE;
				MTL_FAST_MATH = YES;
				ONLY_ACTIVE_ARCH = YES;
				SDKROOT = iphoneos;
				SWIFT_ACTIVE_COMPILATION_CONDITIONS = DEBUG;
				SWIFT_OPTIMIZATION_LEVEL = "-Onone";
			};
			name = Debug;
		};
		12013FD722CE1C3200ACEC5F /* Release */ = {
			isa = XCBuildConfiguration;
			buildSettings = {
				ALWAYS_SEARCH_USER_PATHS = NO;
				CLANG_ANALYZER_NONNULL = YES;
				CLANG_ANALYZER_NUMBER_OBJECT_CONVERSION = YES_AGGRESSIVE;
				CLANG_CXX_LANGUAGE_STANDARD = "gnu++14";
				CLANG_CXX_LIBRARY = "libc++";
				CLANG_ENABLE_MODULES = YES;
				CLANG_ENABLE_OBJC_ARC = YES;
				CLANG_ENABLE_OBJC_WEAK = YES;
				CLANG_WARN_BLOCK_CAPTURE_AUTORELEASING = YES;
				CLANG_WARN_BOOL_CONVERSION = YES;
				CLANG_WARN_COMMA = YES;
				CLANG_WARN_CONSTANT_CONVERSION = YES;
				CLANG_WARN_DEPRECATED_OBJC_IMPLEMENTATIONS = YES;
				CLANG_WARN_DIRECT_OBJC_ISA_USAGE = YES_ERROR;
				CLANG_WARN_DOCUMENTATION_COMMENTS = YES;
				CLANG_WARN_EMPTY_BODY = YES;
				CLANG_WARN_ENUM_CONVERSION = YES;
				CLANG_WARN_INFINITE_RECURSION = YES;
				CLANG_WARN_INT_CONVERSION = YES;
				CLANG_WARN_NON_LITERAL_NULL_CONVERSION = YES;
				CLANG_WARN_OBJC_IMPLICIT_RETAIN_SELF = YES;
				CLANG_WARN_OBJC_LITERAL_CONVERSION = YES;
				CLANG_WARN_OBJC_ROOT_CLASS = YES_ERROR;
				CLANG_WARN_RANGE_LOOP_ANALYSIS = YES;
				CLANG_WARN_STRICT_PROTOTYPES = YES;
				CLANG_WARN_SUSPICIOUS_MOVE = YES;
				CLANG_WARN_UNGUARDED_AVAILABILITY = YES_AGGRESSIVE;
				CLANG_WARN_UNREACHABLE_CODE = YES;
				CLANG_WARN__DUPLICATE_METHOD_MATCH = YES;
				CODE_SIGN_IDENTITY = "iPhone Developer";
				COPY_PHASE_STRIP = NO;
				DEBUG_INFORMATION_FORMAT = "dwarf-with-dsym";
				ENABLE_NS_ASSERTIONS = NO;
				ENABLE_STRICT_OBJC_MSGSEND = YES;
				GCC_C_LANGUAGE_STANDARD = gnu11;
				GCC_NO_COMMON_BLOCKS = YES;
				GCC_WARN_64_TO_32_BIT_CONVERSION = YES;
				GCC_WARN_ABOUT_RETURN_TYPE = YES_ERROR;
				GCC_WARN_UNDECLARED_SELECTOR = YES;
				GCC_WARN_UNINITIALIZED_AUTOS = YES_AGGRESSIVE;
				GCC_WARN_UNUSED_FUNCTION = YES;
				GCC_WARN_UNUSED_VARIABLE = YES;
				IPHONEOS_DEPLOYMENT_TARGET = 12.2;
				MTL_ENABLE_DEBUG_INFO = NO;
				MTL_FAST_MATH = YES;
				SDKROOT = iphoneos;
				SWIFT_COMPILATION_MODE = wholemodule;
				SWIFT_OPTIMIZATION_LEVEL = "-O";
				VALIDATE_PRODUCT = YES;
			};
			name = Release;
		};
		12013FD922CE1C3200ACEC5F /* Debug */ = {
			isa = XCBuildConfiguration;
			buildSettings = {
				ASSETCATALOG_COMPILER_APPICON_NAME = AppIcon;
				CODE_SIGN_STYLE = Automatic;
				INFOPLIST_FILE = Project25/Info.plist;
				LD_RUNPATH_SEARCH_PATHS = (
					"$(inherited)",
					"@executable_path/Frameworks",
				);
				PRODUCT_BUNDLE_IDENTIFIER = timemaj.Project25;
				PRODUCT_NAME = "$(TARGET_NAME)";
				SWIFT_VERSION = 5.0;
				TARGETED_DEVICE_FAMILY = "1,2";
			};
			name = Debug;
		};
		12013FDA22CE1C3200ACEC5F /* Release */ = {
			isa = XCBuildConfiguration;
			buildSettings = {
				ASSETCATALOG_COMPILER_APPICON_NAME = AppIcon;
				CODE_SIGN_STYLE = Automatic;
				INFOPLIST_FILE = Project25/Info.plist;
				LD_RUNPATH_SEARCH_PATHS = (
					"$(inherited)",
					"@executable_path/Frameworks",
				);
				PRODUCT_BUNDLE_IDENTIFIER = timemaj.Project25;
				PRODUCT_NAME = "$(TARGET_NAME)";
				SWIFT_VERSION = 5.0;
				TARGETED_DEVICE_FAMILY = "1,2";
			};
			name = Release;
		};
		12013FDC22CE1C3200ACEC5F /* Debug */ = {
			isa = XCBuildConfiguration;
			buildSettings = {
				ALWAYS_EMBED_SWIFT_STANDARD_LIBRARIES = YES;
				BUNDLE_LOADER = "$(TEST_HOST)";
				CODE_SIGN_STYLE = Automatic;
				INFOPLIST_FILE = Project25Tests/Info.plist;
				LD_RUNPATH_SEARCH_PATHS = (
					"$(inherited)",
					"@executable_path/Frameworks",
					"@loader_path/Frameworks",
				);
				PRODUCT_BUNDLE_IDENTIFIER = timemaj.Project25Tests;
				PRODUCT_NAME = "$(TARGET_NAME)";
				SWIFT_VERSION = 5.0;
				TARGETED_DEVICE_FAMILY = "1,2";
				TEST_HOST = "$(BUILT_PRODUCTS_DIR)/Project25.app/Project25";
			};
			name = Debug;
		};
		12013FDD22CE1C3200ACEC5F /* Release */ = {
			isa = XCBuildConfiguration;
			buildSettings = {
				ALWAYS_EMBED_SWIFT_STANDARD_LIBRARIES = YES;
				BUNDLE_LOADER = "$(TEST_HOST)";
				CODE_SIGN_STYLE = Automatic;
				INFOPLIST_FILE = Project25Tests/Info.plist;
				LD_RUNPATH_SEARCH_PATHS = (
					"$(inherited)",
					"@executable_path/Frameworks",
					"@loader_path/Frameworks",
				);
				PRODUCT_BUNDLE_IDENTIFIER = timemaj.Project25Tests;
				PRODUCT_NAME = "$(TARGET_NAME)";
				SWIFT_VERSION = 5.0;
				TARGETED_DEVICE_FAMILY = "1,2";
				TEST_HOST = "$(BUILT_PRODUCTS_DIR)/Project25.app/Project25";
			};
			name = Release;
		};
		12013FDF22CE1C3200ACEC5F /* Debug */ = {
			isa = XCBuildConfiguration;
			buildSettings = {
				ALWAYS_EMBED_SWIFT_STANDARD_LIBRARIES = YES;
				CODE_SIGN_STYLE = Automatic;
				INFOPLIST_FILE = Project25UITests/Info.plist;
				LD_RUNPATH_SEARCH_PATHS = (
					"$(inherited)",
					"@executable_path/Frameworks",
					"@loader_path/Frameworks",
				);
				PRODUCT_BUNDLE_IDENTIFIER = timemaj.Project25UITests;
				PRODUCT_NAME = "$(TARGET_NAME)";
				SWIFT_VERSION = 5.0;
				TARGETED_DEVICE_FAMILY = "1,2";
				TEST_TARGET_NAME = Project25;
			};
			name = Debug;
		};
		12013FE022CE1C3200ACEC5F /* Release */ = {
			isa = XCBuildConfiguration;
			buildSettings = {
				ALWAYS_EMBED_SWIFT_STANDARD_LIBRARIES = YES;
				CODE_SIGN_STYLE = Automatic;
				INFOPLIST_FILE = Project25UITests/Info.plist;
				LD_RUNPATH_SEARCH_PATHS = (
					"$(inherited)",
					"@executable_path/Frameworks",
					"@loader_path/Frameworks",
				);
				PRODUCT_BUNDLE_IDENTIFIER = timemaj.Project25UITests;
				PRODUCT_NAME = "$(TARGET_NAME)";
				SWIFT_VERSION = 5.0;
				TARGETED_DEVICE_FAMILY = "1,2";
				TEST_TARGET_NAME = Project25;
			};
			name = Release;
		};
/* End XCBuildConfiguration section */

/* Begin XCConfigurationList section */
		12013FA822CE1C3100ACEC5F /* Build configuration list for PBXProject "Project25" */ = {
			isa = XCConfigurationList;
			buildConfigurations = (
				12013FD622CE1C3200ACEC5F /* Debug */,
				12013FD722CE1C3200ACEC5F /* Release */,
			);
			defaultConfigurationIsVisible = 0;
			defaultConfigurationName = Release;
		};
		12013FD822CE1C3200ACEC5F /* Build configuration list for PBXNativeTarget "Project25" */ = {
			isa = XCConfigurationList;
			buildConfigurations = (
				12013FD922CE1C3200ACEC5F /* Debug */,
				12013FDA22CE1C3200ACEC5F /* Release */,
			);
			defaultConfigurationIsVisible = 0;
			defaultConfigurationName = Release;
		};
		12013FDB22CE1C3200ACEC5F /* Build configuration list for PBXNativeTarget "Project25Tests" */ = {
			isa = XCConfigurationList;
			buildConfigurations = (
				12013FDC22CE1C3200ACEC5F /* Debug */,
				12013FDD22CE1C3200ACEC5F /* Release */,
			);
			defaultConfigurationIsVisible = 0;
			defaultConfigurationName = Release;
		};
		12013FDE22CE1C3200ACEC5F /* Build configuration list for PBXNativeTarget "Project25UITests" */ = {
			isa = XCConfigurationList;
			buildConfigurations = (
				12013FDF22CE1C3200ACEC5F /* Debug */,
				12013FE022CE1C3200ACEC5F /* Release */,
			);
			defaultConfigurationIsVisible = 0;
			defaultConfigurationName = Release;
		};
/* End XCConfigurationList section */

/* Begin XCVersionGroup section */
		12013FB722CE1C3100ACEC5F /* Project25.xcdatamodeld */ = {
			isa = XCVersionGroup;
			children = (
				12013FB822CE1C3100ACEC5F /* Project25.xcdatamodel */,
			);
			currentVersion = 12013FB822CE1C3100ACEC5F /* Project25.xcdatamodel */;
			path = Project25.xcdatamodeld;
			sourceTree = "<group>";
			versionGroupType = wrapper.xcdatamodel;
		};
/* End XCVersionGroup section */
	};
	rootObject = 12013FA522CE1C3100ACEC5F /* Project object */;
}
